dependencies:
- name: memcached
  repository: https://raw.githubusercontent.com/bitnami/charts/eb5f9a9513d987b519f0ecd732e7031241c50328/bitnami
  version: 5.5.2
- name: memcached
  repository: https://raw.githubusercontent.com/bitnami/charts/eb5f9a9513d987b519f0ecd732e7031241c50328/bitnami
  version: 5.5.2
- name: memcached
  repository: https://raw.githubusercontent.com/bitnami/charts/eb5f9a9513d987b519f0ecd732e7031241c50328/bitnami
  version: 5.5.2
- name: memcached
  repository: https://raw.githubusercontent.com/bitnami/charts/eb5f9a9513d987b519f0ecd732e7031241c50328/bitnami
  version: 5.5.2
- name: minio
  repository: https://helm.min.io/
  version: 8.0.10
- name: grafana-agent-operator
  repository: https://grafana.github.io/helm-charts
  version: 0.1.12
digest: sha256:b6bf751065e0c6295bee867a8318b4857f3628dbba951e55b121d8be3e1ee2d0
generated: "2022-06-03T16:14:21.551239+02:00"
